// !$*UTF8*$!
{
	archiveVersion = 1;
	classes = {
	};
	objectVersion = 50;
	objects = {

/* Begin PBXBuildFile section */
		EB34FFCC2700AC9F009C6D9B /* roar.wav in Resources */ = {isa = PBXBuildFile; fileRef = EB34FFCB2700AC9E009C6D9B /* roar.wav */; };
		EB34FFD027014EB5009C6D9B /* alarm.wav in Resources */ = {isa = PBXBuildFile; fileRef = EB34FFCF27014EB5009C6D9B /* alarm.wav */; };
		EB94AE0626FAC83900D1CA01 /* AppDelegate.swift in Sources */ = {isa = PBXBuildFile; fileRef = EB94AE0526FAC83900D1CA01 /* AppDelegate.swift */; };
		EB94AE0826FAC83900D1CA01 /* SceneDelegate.swift in Sources */ = {isa = PBXBuildFile; fileRef = EB94AE0726FAC83900D1CA01 /* SceneDelegate.swift */; };
		EB94AE0A26FAC83900D1CA01 /* ViewController.swift in Sources */ = {isa = PBXBuildFile; fileRef = EB94AE0926FAC83900D1CA01 /* ViewController.swift */; };
		EB94AE0D26FAC83900D1CA01 /* Main.storyboard in Resources */ = {isa = PBXBuildFile; fileRef = EB94AE0B26FAC83900D1CA01 /* Main.storyboard */; };
		EB94AE0F26FAC83B00D1CA01 /* Assets.xcassets in Resources */ = {isa = PBXBuildFile; fileRef = EB94AE0E26FAC83B00D1CA01 /* Assets.xcassets */; };
		EB94AE1226FAC83B00D1CA01 /* LaunchScreen.storyboard in Resources */ = {isa = PBXBuildFile; fileRef = EB94AE1026FAC83B00D1CA01 /* LaunchScreen.storyboard */; };
/* End PBXBuildFile section */

/* Begin PBXFileReference section */
		EB34FFCB2700AC9E009C6D9B /* roar.wav */ = {isa = PBXFileReference; lastKnownFileType = audio.wav; path = roar.wav; sourceTree = "<group>"; };
		EB34FFCF27014EB5009C6D9B /* alarm.wav */ = {isa = PBXFileReference; lastKnownFileType = audio.wav; path = alarm.wav; sourceTree = SOURCE_ROOT; };
		EB94AE0226FAC83900D1CA01 /* wolfVsSheep V2.app */ = {isa = PBXFileReference; explicitFileType = wrapper.application; includeInIndex = 0; path = "wolfVsSheep V2.app"; sourceTree = BUILT_PRODUCTS_DIR; };
		EB94AE0526FAC83900D1CA01 /* AppDelegate.swift */ = {isa = PBXFileReference; lastKnownFileType = sourcecode.swift; path = AppDelegate.swift; sourceTree = "<group>"; };
		EB94AE0726FAC83900D1CA01 /* SceneDelegate.swift */ = {isa = PBXFileReference; lastKnownFileType = sourcecode.swift; path = SceneDelegate.swift; sourceTree = "<group>"; };
		EB94AE0926FAC83900D1CA01 /* ViewController.swift */ = {isa = PBXFileReference; lastKnownFileType = sourcecode.swift; path = ViewController.swift; sourceTree = "<group>"; };
		EB94AE0C26FAC83900D1CA01 /* Base */ = {isa = PBXFileReference; lastKnownFileType = file.storyboard; name = Base; path = Base.lproj/Main.storyboard; sourceTree = "<group>"; };
		EB94AE0E26FAC83B00D1CA01 /* Assets.xcassets */ = {isa = PBXFileReference; lastKnownFileType = folder.assetcatalog; path = Assets.xcassets; sourceTree = "<group>"; };
		EB94AE1126FAC83B00D1CA01 /* Base */ = {isa = PBXFileReference; lastKnownFileType = file.storyboard; name = Base; path = Base.lproj/LaunchScreen.storyboard; sourceTree = "<group>"; };
		EB94AE1326FAC83B00D1CA01 /* Info.plist */ = {isa = PBXFileReference; lastKnownFileType = text.plist.xml; path = Info.plist; sourceTree = "<group>"; };
/* End PBXFileReference section */

/* Begin PBXFrameworksBuildPhase section */
		EB94ADFF26FAC83900D1CA01 /* Frameworks */ = {
			isa = PBXFrameworksBuildPhase;
			buildActionMask = 2147483647;
			files = (
			);
			runOnlyForDeploymentPostprocessing = 0;
		};
/* End PBXFrameworksBuildPhase section */

/* Begin PBXGroup section */
		EB94ADF926FAC83900D1CA01 = {
			isa = PBXGroup;
			children = (
				EB94AE0426FAC83900D1CA01 /* wolfVsSheep V2 */,
				EB94AE0326FAC83900D1CA01 /* Products */,
			);
			sourceTree = "<group>";
		};
		EB94AE0326FAC83900D1CA01 /* Products */ = {
			isa = PBXGroup;
			children = (
				EB94AE0226FAC83900D1CA01 /* wolfVsSheep V2.app */,
			);
			name = Products;
			sourceTree = "<group>";
		};
		EB94AE0426FAC83900D1CA01 /* wolfVsSheep V2 */ = {
			isa = PBXGroup;
			children = (
				EB94AE0526FAC83900D1CA01 /* AppDelegate.swift */,
				EB94AE0726FAC83900D1CA01 /* SceneDelegate.swift */,
				EB94AE0926FAC83900D1CA01 /* ViewController.swift */,
				EB94AE0B26FAC83900D1CA01 /* Main.storyboard */,
				EB94AE0E26FAC83B00D1CA01 /* Assets.xcassets */,
				EB94AE1026FAC83B00D1CA01 /* LaunchScreen.storyboard */,
				EB94AE1326FAC83B00D1CA01 /* Info.plist */,
				EB34FFCB2700AC9E009C6D9B /* roar.wav */,
				EB34FFCF27014EB5009C6D9B /* alarm.wav */,
			);
			path = "wolfVsSheep V2";
			sourceTree = "<group>";
		};
/* End PBXGroup section */

/* Begin PBXNativeTarget section */
		EB94AE0126FAC83900D1CA01 /* wolfVsSheep V2 */ = {
			isa = PBXNativeTarget;
			buildConfigurationList = EB94AE1626FAC83B00D1CA01 /* Build configuration list for PBXNativeTarget "wolfVsSheep V2" */;
			buildPhases = (
				EB94ADFE26FAC83900D1CA01 /* Sources */,
				EB94ADFF26FAC83900D1CA01 /* Frameworks */,
				EB94AE0026FAC83900D1CA01 /* Resources */,
			);
			buildRules = (
			);
			dependencies = (
			);
			name = "wolfVsSheep V2";
			productName = "wolfVsSheep V2";
			productReference = EB94AE0226FAC83900D1CA01 /* wolfVsSheep V2.app */;
			productType = "com.apple.product-type.application";
		};
/* End PBXNativeTarget section */

/* Begin PBXProject section */
		EB94ADFA26FAC83900D1CA01 /* Project object */ = {
			isa = PBXProject;
			attributes = {
				LastSwiftUpdateCheck = 1250;
				LastUpgradeCheck = 1250;
				TargetAttributes = {
					EB94AE0126FAC83900D1CA01 = {
						CreatedOnToolsVersion = 12.5.1;
					};
				};
			};
			buildConfigurationList = EB94ADFD26FAC83900D1CA01 /* Build configuration list for PBXProject "wolfVsSheep V2" */;
			compatibilityVersion = "Xcode 9.3";
			developmentRegion = en;
			hasScannedForEncodings = 0;
			knownRegions = (
				en,
				Base,
			);
			mainGroup = EB94ADF926FAC83900D1CA01;
			productRefGroup = EB94AE0326FAC83900D1CA01 /* Products */;
			projectDirPath = "";
			projectRoot = "";
			targets = (
				EB94AE0126FAC83900D1CA01 /* wolfVsSheep V2 */,
			);
		};
/* End PBXProject section */

/* Begin PBXResourcesBuildPhase section */
		EB94AE0026FAC83900D1CA01 /* Resources */ = {
			isa = PBXResourcesBuildPhase;
			buildActionMask = 2147483647;
			files = (
				EB34FFD027014EB5009C6D9B /* alarm.wav in Resources */,
				EB34FFCC2700AC9F009C6D9B /* roar.wav in Resources */,
				EB94AE1226FAC83B00D1CA01 /* LaunchScreen.storyboard in Resources */,
				EB94AE0F26FAC83B00D1CA01 /* Assets.xcassets in Resources */,
				EB94AE0D26FAC83900D1CA01 /* Main.storyboard in Resources */,
			);
			runOnlyForDeploymentPostprocessing = 0;
		};
/* End PBXResourcesBuildPhase section */

/* Begin PBXSourcesBuildPhase section */
		EB94ADFE26FAC83900D1CA01 /* Sources */ = {
			isa = PBXSourcesBuildPhase;
			buildActionMask = 2147483647;
			files = (
				EB94AE0A26FAC83900D1CA01 /* ViewController.swift in Sources */,
				EB94AE0626FAC83900D1CA01 /* AppDelegate.swift in Sources */,
				EB94AE0826FAC83900D1CA01 /* SceneDelegate.swift in Sources */,
			);
			runOnlyForDeploymentPostprocessing = 0;
		};
/* End PBXSourcesBuildPhase section */

/* Begin PBXVariantGroup section */
		EB94AE0B26FAC83900D1CA01 /* Main.storyboard */ = {
			isa = PBXVariantGroup;
			children = (
				EB94AE0C26FAC83900D1CA01 /* Base */,
			);
			name = Main.storyboard;
			sourceTree = "<group>";
		};
		EB94AE1026FAC83B00D1CA01 /* LaunchScreen.storyboard */ = {
			isa = PBXVariantGroup;
			children = (
				EB94AE1126FAC83B00D1CA01 /* Base */,
			);
			name = LaunchScreen.storyboard;
			sourceTree = "<group>";
		};
/* End PBXVariantGroup section */

/* Begin XCBuildConfiguration section */
		EB94AE1426FAC83B00D1CA01 /* Debug */ = {
			isa = XCBuildConfiguration;
			buildSettings = {
				ALWAYS_SEARCH_USER_PATHS = NO;
				CLANG_ANALYZER_NONNULL = YES;
				CLANG_ANALYZER_NUMBER_OBJECT_CONVERSION = YES_AGGRESSIVE;
				CLANG_CXX_LANGUAGE_STANDARD = "gnu++14";
				CLANG_CXX_LIBRARY = "libc++";
				CLANG_ENABLE_MODULES = YES;
				CLANG_ENABLE_OBJC_ARC = YES;
				CLANG_ENABLE_OBJC_WEAK = YES;
				CLANG_WARN_BLOCK_CAPTURE_AUTORELEASING = YES;
				CLANG_WARN_BOOL_CONVERSION = YES;
				CLANG_WARN_COMMA = YES;
				CLANG_WARN_CONSTANT_CONVERSION = YES;
				CLANG_WARN_DEPRECATED_OBJC_IMPLEMENTATIONS = YES;
				CLANG_WARN_DIRECT_OBJC_ISA_USAGE = YES_ERROR;
				CLANG_WARN_DOCUMENTATION_COMMENTS = YES;
				CLANG_WARN_EMPTY_BODY = YES;
				CLANG_WARN_ENUM_CONVERSION = YES;
				CLANG_WARN_INFINITE_RECURSION = YES;
				CLANG_WARN_INT_CONVERSION = YES;
				CLANG_WARN_NON_LITERAL_NULL_CONVERSION = YES;
				CLANG_WARN_OBJC_IMPLICIT_RETAIN_SELF = YES;
				CLANG_WARN_OBJC_LITERAL_CONVERSION = YES;
				CLANG_WARN_OBJC_ROOT_CLASS = YES_ERROR;
				CLANG_WARN_QUOTED_INCLUDE_IN_FRAMEWORK_HEADER = YES;
				CLANG_WARN_RANGE_LOOP_ANALYSIS = YES;
				CLANG_WARN_STRICT_PROTOTYPES = YES;
				CLANG_WARN_SUSPICIOUS_MOVE = YES;
				CLANG_WARN_UNGUARDED_AVAILABILITY = YES_AGGRESSIVE;
				CLANG_WARN_UNREACHABLE_CODE = YES;
				CLANG_WARN__DUPLICATE_METHOD_MATCH = YES;
				COPY_PHASE_STRIP = NO;
				DEBUG_INFORMATION_FORMAT = dwarf;
				ENABLE_STRICT_OBJC_MSGSEND = YES;
				ENABLE_TESTABILITY = YES;
				GCC_C_LANGUAGE_STANDARD = gnu11;
				GCC_DYNAMIC_NO_PIC = NO;
				GCC_NO_COMMON_BLOCKS = YES;
				GCC_OPTIMIZATION_LEVEL = 0;
				GCC_PREPROCESSOR_DEFINITIONS = (
					"DEBUG=1",
					"$(inherited)",
				);
				GCC_WARN_64_TO_32_BIT_CONVERSION = YES;
				GCC_WARN_ABOUT_RETURN_TYPE = YES_ERROR;
				GCC_WARN_UNDECLARED_SELECTOR = YES;
				GCC_WARN_UNINITIALIZED_AUTOS = YES_AGGRESSIVE;
				GCC_WARN_UNUSED_FUNCTION = YES;
				GCC_WARN_UNUSED_VARIABLE = YES;
				IPHONEOS_DEPLOYMENT_TARGET = 14.5;
				MTL_ENABLE_DEBUG_INFO = INCLUDE_SOURCE;
				MTL_FAST_MATH = YES;
				ONLY_ACTIVE_ARCH = YES;
				SDKROOT = iphoneos;
				SWIFT_ACTIVE_COMPILATION_CONDITIONS = DEBUG;
				SWIFT_OPTIMIZATION_LEVEL = "-Onone";
			};
			name = Debug;
		};
		EB94AE1526FAC83B00D1CA01 /* Release */ = {
			isa = XCBuildConfiguration;
			buildSettings = {
				ALWAYS_SEARCH_USER_PATHS = NO;
				CLANG_ANALYZER_NONNULL = YES;
				CLANG_ANALYZER_NUMBER_OBJECT_CONVERSION = YES_AGGRESSIVE;
				CLANG_CXX_LANGUAGE_STANDARD = "gnu++14";
				CLANG_CXX_LIBRARY = "libc++";
				CLANG_ENABLE_MODULES = YES;
				CLANG_ENABLE_OBJC_ARC = YES;
				CLANG_ENABLE_OBJC_WEAK = YES;
				CLANG_WARN_BLOCK_CAPTURE_AUTORELEASING = YES;
				CLANG_WARN_BOOL_CONVERSION = YES;
				CLANG_WARN_COMMA = YES;
				CLANG_WARN_CONSTANT_CONVERSION = YES;
				CLANG_WARN_DEPRECATED_OBJC_IMPLEMENTATIONS = YES;
				CLANG_WARN_DIRECT_OBJC_ISA_USAGE = YES_ERROR;
				CLANG_WARN_DOCUMENTATION_COMMENTS = YES;
				CLANG_WARN_EMPTY_BODY = YES;
				CLANG_WARN_ENUM_CONVERSION = YES;
				CLANG_WARN_INFINITE_RECURSION = YES;
				CLANG_WARN_INT_CONVERSION = YES;
				CLANG_WARN_NON_LITERAL_NULL_CONVERSION = YES;
				CLANG_WARN_OBJC_IMPLICIT_RETAIN_SELF = YES;
				CLANG_WARN_OBJC_LITERAL_CONVERSION = YES;
				CLANG_WARN_OBJC_ROOT_CLASS = YES_ERROR;
				CLANG_WARN_QUOTED_INCLUDE_IN_FRAMEWORK_HEADER = YES;
				CLANG_WARN_RANGE_LOOP_ANALYSIS = YES;
				CLANG_WARN_STRICT_PROTOTYPES = YES;
				CLANG_WARN_SUSPICIOUS_MOVE = YES;
				CLANG_WARN_UNGUARDED_AVAILABILITY = YES_AGGRESSIVE;
				CLANG_WARN_UNREACHABLE_CODE = YES;
				CLANG_WARN__DUPLICATE_METHOD_MATCH = YES;
				COPY_PHASE_STRIP = NO;
				DEBUG_INFORMATION_FORMAT = "dwarf-with-dsym";
				ENABLE_NS_ASSERTIONS = NO;
				ENABLE_STRICT_OBJC_MSGSEND = YES;
				GCC_C_LANGUAGE_STANDARD = gnu11;
				GCC_NO_COMMON_BLOCKS = YES;
				GCC_WARN_64_TO_32_BIT_CONVERSION = YES;
				GCC_WARN_ABOUT_RETURN_TYPE = YES_ERROR;
				GCC_WARN_UNDECLARED_SELECTOR = YES;
				GCC_WARN_UNINITIALIZED_AUTOS = YES_AGGRESSIVE;
				GCC_WARN_UNUSED_FUNCTION = YES;
				GCC_WARN_UNUSED_VARIABLE = YES;
				IPHONEOS_DEPLOYMENT_TARGET = 14.5;
				MTL_ENABLE_DEBUG_INFO = NO;
				MTL_FAST_MATH = YES;
				SDKROOT = iphoneos;
				SWIFT_COMPILATION_MODE = wholemodule;
				SWIFT_OPTIMIZATION_LEVEL = "-O";
				VALIDATE_PRODUCT = YES;
			};
			name = Release;
		};
		EB94AE1726FAC83B00D1CA01 /* Debug */ = {
			isa = XCBuildConfiguration;
			buildSettings = {
				ASSETCATALOG_COMPILER_APPICON_NAME = AppIcon;
				ASSETCATALOG_COMPILER_GLOBAL_ACCENT_COLOR_NAME = AccentColor;
				CODE_SIGN_STYLE = Automatic;
				INFOPLIST_FILE = "wolfVsSheep V2/Info.plist";
				LD_RUNPATH_SEARCH_PATHS = (
					"$(inherited)",
					"@executable_path/Frameworks",
				);
				PRODUCT_BUNDLE_IDENTIFIER = "id.ac.petra.wolfVsSheep-V2";
				PRODUCT_NAME = "$(TARGET_NAME)";
				SWIFT_VERSION = 5.0;
				TARGETED_DEVICE_FAMILY = 1;
			};
			name = Debug;
		};
		EB94AE1826FAC83B00D1CA01 /* Release */ = {
			isa = XCBuildConfiguration;
			buildSettings = {
				ASSETCATALOG_COMPILER_APPICON_NAME = AppIcon;
				ASSETCATALOG_COMPILER_GLOBAL_ACCENT_COLOR_NAME = AccentColor;
				CODE_SIGN_STYLE = Automatic;
				INFOPLIST_FILE = "wolfVsSheep V2/Info.plist";
				LD_RUNPATH_SEARCH_PATHS = (
					"$(inherited)",
					"@executable_path/Frameworks",
				);
				PRODUCT_BUNDLE_IDENTIFIER = "id.ac.petra.wolfVsSheep-V2";
				PRODUCT_NAME = "$(TARGET_NAME)";
				SWIFT_VERSION = 5.0;
				TARGETED_DEVICE_FAMILY = 1;
			};
			name = Release;
		};
/* End XCBuildConfiguration section */

/* Begin XCConfigurationList section */
		EB94ADFD26FAC83900D1CA01 /* Build configuration list for PBXProject "wolfVsSheep V2" */ = {
			isa = XCConfigurationList;
			buildConfigurations = (
				EB94AE1426FAC83B00D1CA01 /* Debug */,
				EB94AE1526FAC83B00D1CA01 /* Release */,
			);
			defaultConfigurationIsVisible = 0;
			defaultConfigurationName = Release;
		};
		EB94AE1626FAC83B00D1CA01 /* Build configuration list for PBXNativeTarget "wolfVsSheep V2" */ = {
			isa = XCConfigurationList;
			buildConfigurations = (
				EB94AE1726FAC83B00D1CA01 /* Debug */,
				EB94AE1826FAC83B00D1CA01 /* Release */,
			);
			defaultConfigurationIsVisible = 0;
			defaultConfigurationName = Release;
		};
/* End XCConfigurationList section */
	};
	rootObject = EB94ADFA26FAC83900D1CA01 /* Project object */;
}
